github.com/emersion/go-ical v0.0.0-20211103111159-f16f27911f39 h1:z8/rAgWs7JTxfMlGmyvaQYYsoHPoMglGvMJPab3JG4U=
github.com/emersion/go-ical v0.0.0-20211103111159-f16f27911f39/go.mod h1:2MKFUgfNMULRxqZkadG1Vh44we3y5gJAtTBlVsx1BKQ=
github.com/martin-sucha/timezones v0.0.0-20220109181928-2a68f71fcebc h1:Jbsc+sCpFOzSSVWi6b03glODMmAagMeq43WAwCoTlm4=
github.com/martin-sucha/timezones v0.0.0-20220109181928-2a68f71fcebc/go.mod h1:ED/dhSRc2rcPPW+fu8t8/HgZT6lvMsw7kcUo4zsvGlc=
github.com/teambition/rrule-go v1.7.2 h1:goEajFWYydfCgavn2m/3w5U+1b3PGqPUHx/fFSVfTy0=
github.com/teambition/rrule-go v1.7.2/go.mod h1:mBJ1Ht5uboJ6jexKdNUJg2NcwP8uUMNvStWXlJD3MvU=
